
Microsoft Visual Studio Solution File, Format Version 12.00
# Visual Studio 2012
Project("{F184B08F-C81C-45F6-A57F-5ABD9991F28F}") = "JustMock.NonElevatedExamples", "JustMock.NonElevatedExamples\JustMock.NonElevatedExamples.vbproj", "{969B7E82-7FF1-4C0C-8668-8332A0A2FD3D}"
EndProject
Project("{2150E333-8FDC-42A3-9474-1A3956D46DE8}") = "Solution Items", "Solution Items", "{8D16F8FC-190C-4DD0-9157-3B9E0C3CD4C2}"
	ProjectSection(SolutionItems) = preProject
		Local.testsettings = Local.testsettings
	EndProjectSection
EndProject
Global
	GlobalSection(TeamFoundationVersionControl) = preSolution
		SccNumberOfProjects = 2
		SccEnterpriseProvider = {4CA58AB2-18FA-4F8D-95D4-32DDF27D184C}
		SccTeamFoundationServer = http://tfs:8082/defaultcollection
		SccProjectUniqueName0 = JustMock.NonElevatedExamples\\JustMock.NonElevatedExamples.vbproj
		SccProjectName0 = JustMock.NonElevatedExamples
		SccLocalPath0 = JustMock.NonElevatedExamples
		SccLocalPath1 = .
	EndGlobalSection
	GlobalSection(SolutionConfigurationPlatforms) = preSolution
		Debug|Any CPU = Debug|Any CPU
		Release|Any CPU = Release|Any CPU
	EndGlobalSection
	GlobalSection(ProjectConfigurationPlatforms) = postSolution
		{969B7E82-7FF1-4C0C-8668-8332A0A2FD3D}.Debug|Any CPU.ActiveCfg = Debug|Any CPU
		{969B7E82-7FF1-4C0C-8668-8332A0A2FD3D}.Debug|Any CPU.Build.0 = Debug|Any CPU
		{969B7E82-7FF1-4C0C-8668-8332A0A2FD3D}.Release|Any CPU.ActiveCfg = Release|Any CPU
		{969B7E82-7FF1-4C0C-8668-8332A0A2FD3D}.Release|Any CPU.Build.0 = Release|Any CPU
	EndGlobalSection
	GlobalSection(SolutionProperties) = preSolution
		HideSolutionNode = FALSE
	EndGlobalSection
EndGlobal
