
Microsoft Visual Studio Solution File, Format Version 12.00
# Visual Studio Version 17
VisualStudioVersion = 17.0.31903.59
MinimumVisualStudioVersion = 10.0.40219.1
Project("{778DAE3C-4631-46EA-AA77-85C1314464D9}") = "JustMock.NonElevatedExamples.VS2022", "JustMock.NonElevatedExamples.VS2022\JustMock.NonElevatedExamples.VS2022.vbproj", "{9CA1E316-17AC-4085-B8A2-313D915B521E}"
EndProject
Global
	GlobalSection(SolutionConfigurationPlatforms) = preSolution
		Debug|Any CPU = Debug|Any CPU
		Release|Any CPU = Release|Any CPU
	EndGlobalSection
	GlobalSection(ProjectConfigurationPlatforms) = postSolution
		{9CA1E316-17AC-4085-B8A2-313D915B521E}.Debug|Any CPU.ActiveCfg = Debug|Any CPU
		{9CA1E316-17AC-4085-B8A2-313D915B521E}.Debug|Any CPU.Build.0 = Debug|Any CPU
		{9CA1E316-17AC-4085-B8A2-313D915B521E}.Release|Any CPU.ActiveCfg = Release|Any CPU
		{9CA1E316-17AC-4085-B8A2-313D915B521E}.Release|Any CPU.Build.0 = Release|Any CPU
	EndGlobalSection
	GlobalSection(SolutionProperties) = preSolution
		HideSolutionNode = FALSE
	EndGlobalSection
	GlobalSection(ExtensibilityGlobals) = postSolution
		SolutionGuid = {AA99B001-355E-4844-B3C3-5CE62478FF8C}
	EndGlobalSection
EndGlobal
