
Microsoft Visual Studio Solution File, Format Version 12.00
# Visual Studio 15
VisualStudioVersion = 15.0.26430.6
MinimumVisualStudioVersion = 10.0.40219.1
Project("{FAE04EC0-301F-11D3-BF4B-00C04F79EFBC}") = "JustMock.NonElevatedExamples.VS2017", "JustMock.NonElevatedExamples.VS2017\JustMock.NonElevatedExamples.VS2017.csproj", "{3F2E15F1-5A5D-483F-9986-85A8985B7B67}"
EndProject
Global
	GlobalSection(SolutionConfigurationPlatforms) = preSolution
		Debug|Any CPU = Debug|Any CPU
		Release|Any CPU = Release|Any CPU
	EndGlobalSection
	GlobalSection(ProjectConfigurationPlatforms) = postSolution
		{3F2E15F1-5A5D-483F-9986-85A8985B7B67}.Debug|Any CPU.ActiveCfg = Debug|Any CPU
		{3F2E15F1-5A5D-483F-9986-85A8985B7B67}.Debug|Any CPU.Build.0 = Debug|Any CPU
		{3F2E15F1-5A5D-483F-9986-85A8985B7B67}.Release|Any CPU.ActiveCfg = Release|Any CPU
		{3F2E15F1-5A5D-483F-9986-85A8985B7B67}.Release|Any CPU.Build.0 = Release|Any CPU
	EndGlobalSection
	GlobalSection(SolutionProperties) = preSolution
		HideSolutionNode = FALSE
	EndGlobalSection
EndGlobal
